PODS:
  - Capacitor (7.1.0):
    - CapacitorCordova
  - CapacitorApp (7.0.0):
    - Capacitor
  - CapacitorCamera (7.0.0):
    - Capacitor
  - CapacitorCordova (7.1.0)
  - CapacitorFilesystem (7.0.0):
    - Capacitor
  - CapacitorHaptics (7.0.0):
    - Capacitor
  - CapacitorKeyboard (7.0.0):
    - Capacitor
  - CapacitorPluginScanbotBarcodeScannerSdk (7.0.0-alpha.1):
    - Capacitor
    - ScanbotBarcodeSDKWrapper (= 7.0.0.0)
  - CapacitorPreferences (7.0.0):
    - Capacitor
  - CapacitorStatusBar (7.0.0):
    - Capacitor
  - CapawesomeCapacitorFilePicker (7.0.1):
    - Capacitor
  - ScanbotBarcodeScannerSDK (7.0.0)
  - ScanbotBarcodeSDKWrapper (7.0.0.0):
    - ScanbotBarcodeScannerSDK (= 7.0.0)

DEPENDENCIES:
  - "Capacitor (from `../../node_modules/@capacitor/ios`)"
  - "CapacitorApp (from `../../node_modules/@capacitor/app`)"
  - "CapacitorCamera (from `../../node_modules/@capacitor/camera`)"
  - "CapacitorCordova (from `../../node_modules/@capacitor/ios`)"
  - "CapacitorFilesystem (from `../../node_modules/@capacitor/filesystem`)"
  - "CapacitorHaptics (from `../../node_modules/@capacitor/haptics`)"
  - "CapacitorKeyboard (from `../../node_modules/@capacitor/keyboard`)"
  - CapacitorPluginScanbotBarcodeScannerSdk (from `../../node_modules/capacitor-plugin-scanbot-barcode-scanner-sdk`)
  - "CapacitorPreferences (from `../../node_modules/@capacitor/preferences`)"
  - "CapacitorStatusBar (from `../../node_modules/@capacitor/status-bar`)"
  - "CapawesomeCapacitorFilePicker (from `../../node_modules/@capawesome/capacitor-file-picker`)"

SPEC REPOS:
  trunk:
    - ScanbotBarcodeScannerSDK
    - ScanbotBarcodeSDKWrapper

EXTERNAL SOURCES:
  Capacitor:
    :path: "../../node_modules/@capacitor/ios"
  CapacitorApp:
    :path: "../../node_modules/@capacitor/app"
  CapacitorCamera:
    :path: "../../node_modules/@capacitor/camera"
  CapacitorCordova:
    :path: "../../node_modules/@capacitor/ios"
  CapacitorFilesystem:
    :path: "../../node_modules/@capacitor/filesystem"
  CapacitorHaptics:
    :path: "../../node_modules/@capacitor/haptics"
  CapacitorKeyboard:
    :path: "../../node_modules/@capacitor/keyboard"
  CapacitorPluginScanbotBarcodeScannerSdk:
    :path: "../../node_modules/capacitor-plugin-scanbot-barcode-scanner-sdk"
  CapacitorPreferences:
    :path: "../../node_modules/@capacitor/preferences"
  CapacitorStatusBar:
    :path: "../../node_modules/@capacitor/status-bar"
  CapawesomeCapacitorFilePicker:
    :path: "../../node_modules/@capawesome/capacitor-file-picker"

SPEC CHECKSUMS:
  Capacitor: bceb785fb78f5e81e4a9e37843bc1c24bd9c7194
  CapacitorApp: 9cb31064a6c6bb2b1438583733a7bf45557fc1da
  CapacitorCamera: 20a37684b81c69c0c33fb5a7216919f135371a6f
  CapacitorCordova: 866217f32c1d25b326c568a10ea3ed0c36b13e29
  CapacitorFilesystem: 59a2b7b56a897c6a3de4d04c5718e1d80de9d2f5
  CapacitorHaptics: 7be406a91e4eb87287f321c6c68e1709d6837b3a
  CapacitorKeyboard: 4db71e694e7afb5d7c0be09b05495c19f7d6c914
  CapacitorPluginScanbotBarcodeScannerSdk: 6b28618d625bf1ab1014c6884803d09815ecdd66
  CapacitorPreferences: 8e4bef1f937fc991a19d7ea99330c36a62edd24b
  CapacitorStatusBar: a8c4c83ed2e973bdafb979e80e4b00d027832cb7
  CapawesomeCapacitorFilePicker: 640114d8fd427375fe0e826ffc1ca54d91c2d611
  ScanbotBarcodeScannerSDK: 2a0662658520207f8ab6e5769d661e5966779b8a
  ScanbotBarcodeSDKWrapper: 12c70d47f2f726ba8535ccea788e60d6cfe71462

PODFILE CHECKSUM: d0a65a085a851614bc5dde15c901f6d8654cc487

COCOAPODS: 1.16.2
