PODS:
  - Capacitor (8.0.0):
    - CapacitorCordova
  - CapacitorApp (8.0.0):
    - Capacitor
  - CapacitorCamera (8.0.0):
    - Capacitor
  - CapacitorCordova (8.0.0)
  - CapacitorFilesystem (8.0.0):
    - Capacitor
    - IONFilesystemLib (~> 1.0.1)
  - CapacitorPluginScanbotBarcodeScannerSdk (8.0.0-rc.2):
    - Capacitor
    - ScanbotBarcodeSDKWrapper (= 8.0.0.1)
  - CapacitorPreferences (8.0.0):
    - Capacitor
  - CapacitorStatusBar (8.0.0):
    - Capacitor
  - CapawesomeCapacitorFilePicker (7.0.1):
    - Capacitor
  - IONFilesystemLib (1.0.1)
  - ScanbotBarcodeScannerSDK (8.0.0-RC10)
  - ScanbotBarcodeSDKWrapper (8.0.0.1):
    - ScanbotBarcodeScannerSDK (= 8.0.0-RC10)

DEPENDENCIES:
  - "Capacitor (from `../../node_modules/@capacitor/ios`)"
  - "CapacitorApp (from `../../node_modules/@capacitor/app`)"
  - "CapacitorCamera (from `../../node_modules/@capacitor/camera`)"
  - "CapacitorCordova (from `../../node_modules/@capacitor/ios`)"
  - "CapacitorFilesystem (from `../../node_modules/@capacitor/filesystem`)"
  - CapacitorPluginScanbotBarcodeScannerSdk (from `../../node_modules/capacitor-plugin-scanbot-barcode-scanner-sdk`)
  - "CapacitorPreferences (from `../../node_modules/@capacitor/preferences`)"
  - "CapacitorStatusBar (from `../../node_modules/@capacitor/status-bar`)"
  - "CapawesomeCapacitorFilePicker (from `../../node_modules/@capawesome/capacitor-file-picker`)"

SPEC REPOS:
  trunk:
    - IONFilesystemLib
    - ScanbotBarcodeScannerSDK
    - ScanbotBarcodeSDKWrapper

EXTERNAL SOURCES:
  Capacitor:
    :path: "../../node_modules/@capacitor/ios"
  CapacitorApp:
    :path: "../../node_modules/@capacitor/app"
  CapacitorCamera:
    :path: "../../node_modules/@capacitor/camera"
  CapacitorCordova:
    :path: "../../node_modules/@capacitor/ios"
  CapacitorFilesystem:
    :path: "../../node_modules/@capacitor/filesystem"
  CapacitorPluginScanbotBarcodeScannerSdk:
    :path: "../../node_modules/capacitor-plugin-scanbot-barcode-scanner-sdk"
  CapacitorPreferences:
    :path: "../../node_modules/@capacitor/preferences"
  CapacitorStatusBar:
    :path: "../../node_modules/@capacitor/status-bar"
  CapawesomeCapacitorFilePicker:
    :path: "../../node_modules/@capawesome/capacitor-file-picker"

SPEC CHECKSUMS:
  Capacitor: 341ff7cf652ec695d1a8ebf604db448ac7b6d635
  CapacitorApp: 3963a84197280757b84f126afd1520a85ae3b092
  CapacitorCamera: 592acb7ab9fb748e2d8571eb03af30ec4e1ace12
  CapacitorCordova: 5dc3912d25ef770a3fe0f431bb65c9fbfa2e92f9
  CapacitorFilesystem: 2cb7c29536024668f333266a2177f8c10bbd9c98
  CapacitorPluginScanbotBarcodeScannerSdk: b3ff2a265e9b53e580d1251435f2fe2cdbe34ad1
  CapacitorPreferences: 443fabe9670226200e595658a87ef0b1566716d4
  CapacitorStatusBar: 312e2e67928dfe9514c4a8916a1fd610552f5f35
  CapawesomeCapacitorFilePicker: 640114d8fd427375fe0e826ffc1ca54d91c2d611
  IONFilesystemLib: 89258b8e3e85465da93127d25d7ce37f977e8a6f
  ScanbotBarcodeScannerSDK: 76b9b2c9bae12efa786d64183d7b2f3a1c702d58
  ScanbotBarcodeSDKWrapper: 0f18c95827a48ff48156d70fe7507046c717cb8d

PODFILE CHECKSUM: 31163f9970abc0558b4792385b8f0c651eb70e19

COCOAPODS: 1.16.2
